{
  "name": "tp_12",
  "version": "1.0.0",
  "lockfileVersion": 3,
  "requires": true,
  "packages": {
    "": {
      "name": "tp_12",
      "version": "1.0.0",
      "license": "UNLICENSED",
      "dependencies": {
        "fibonacci": "file:fibonacci"
      }
    },
    "fibonacci": {
      "version": "1.0.0",
      "license": "ISC"
    },
    "node_modules/fibonacci": {
      "resolved": "fibonacci",
      "link": true
    }
  }
}
